
Microsoft Visual Studio Solution File, Format Version 12.00
# Visual Studio Version 17
VisualStudioVersion = 17.7.34221.43
MinimumVisualStudioVersion = 10.0.40219.1
Project("{FAE04EC0-301F-11D3-BF4B-00C04F79EFBC}") = "LocadoraImoveisAPI", "LocadoraImoveis\LocadoraImoveisAPI.csproj", "{67D6A92B-CBE6-4EBB-965E-219C45FBACDD}"
EndProject
Project("{FAE04EC0-301F-11D3-BF4B-00C04F79EFBC}") = "LocadoraImoveisModels", "LocadoraImoveisModels\LocadoraImoveisModels.csproj", "{BE807BEA-8E74-437E-A798-8489C5D2986A}"
EndProject
Project("{FAE04EC0-301F-11D3-BF4B-00C04F79EFBC}") = "APIServices", "APIServices\APIServices.csproj", "{964057D7-D635-4B53-8178-256090F0054A}"
EndProject
Global
	GlobalSection(SolutionConfigurationPlatforms) = preSolution
		Debug|Any CPU = Debug|Any CPU
		Release|Any CPU = Release|Any CPU
	EndGlobalSection
	GlobalSection(ProjectConfigurationPlatforms) = postSolution
		{67D6A92B-CBE6-4EBB-965E-219C45FBACDD}.Debug|Any CPU.ActiveCfg = Debug|Any CPU
		{67D6A92B-CBE6-4EBB-965E-219C45FBACDD}.Debug|Any CPU.Build.0 = Debug|Any CPU
		{67D6A92B-CBE6-4EBB-965E-219C45FBACDD}.Release|Any CPU.ActiveCfg = Release|Any CPU
		{67D6A92B-CBE6-4EBB-965E-219C45FBACDD}.Release|Any CPU.Build.0 = Release|Any CPU
		{BE807BEA-8E74-437E-A798-8489C5D2986A}.Debug|Any CPU.ActiveCfg = Debug|Any CPU
		{BE807BEA-8E74-437E-A798-8489C5D2986A}.Debug|Any CPU.Build.0 = Debug|Any CPU
		{BE807BEA-8E74-437E-A798-8489C5D2986A}.Release|Any CPU.ActiveCfg = Release|Any CPU
		{BE807BEA-8E74-437E-A798-8489C5D2986A}.Release|Any CPU.Build.0 = Release|Any CPU
		{964057D7-D635-4B53-8178-256090F0054A}.Debug|Any CPU.ActiveCfg = Debug|Any CPU
		{964057D7-D635-4B53-8178-256090F0054A}.Debug|Any CPU.Build.0 = Debug|Any CPU
		{964057D7-D635-4B53-8178-256090F0054A}.Release|Any CPU.ActiveCfg = Release|Any CPU
		{964057D7-D635-4B53-8178-256090F0054A}.Release|Any CPU.Build.0 = Release|Any CPU
	EndGlobalSection
	GlobalSection(SolutionProperties) = preSolution
		HideSolutionNode = FALSE
	EndGlobalSection
	GlobalSection(ExtensibilityGlobals) = postSolution
		SolutionGuid = {74C132CC-4C12-4C56-8CBE-F9B74A0B6760}
	EndGlobalSection
EndGlobal
